
Microsoft Visual Studio Solution File, Format Version 12.00
# Visual Studio Version 17
VisualStudioVersion = 17.1.32228.430
MinimumVisualStudioVersion = 10.0.40219.1
Project("{9A19103F-16F7-4668-BE54-9A1E7A4F7556}") = "AIStore.Web", "AIStore.Web\AIStore.Web.csproj", "{5C1D0C53-B2D3-4E86-BC1A-74D06CDE354C}"
EndProject
Project("{9A19103F-16F7-4668-BE54-9A1E7A4F7556}") = "AIStore.DAL", "AIStore.DAL\AIStore.DAL.csproj", "{5BDB8B07-6F61-4525-97F8-D5605C5F81FB}"
EndProject
Project("{9A19103F-16F7-4668-BE54-9A1E7A4F7556}") = "AIStore.BLL", "AIStore.BLL\AIStore.BLL.csproj", "{3480E930-A452-448D-AD7B-9C9B506DFFAE}"
EndProject
Project("{9A19103F-16F7-4668-BE54-9A1E7A4F7556}") = "AIStore.Domain", "AIStore.Domain\AIStore.Domain.csproj", "{09696234-D778-4168-A260-F1784DFA4E20}"
EndProject
Project("{9A19103F-16F7-4668-BE54-9A1E7A4F7556}") = "AIStore.Dependencies", "AIStore.Dependencies\AIStore.Dependencies.csproj", "{A26D3F1C-E8FA-4BAC-A5D7-E0A47E879B55}"
EndProject
Global
	GlobalSection(SolutionConfigurationPlatforms) = preSolution
		Debug|Any CPU = Debug|Any CPU
		Release|Any CPU = Release|Any CPU
	EndGlobalSection
	GlobalSection(ProjectConfigurationPlatforms) = postSolution
		{5C1D0C53-B2D3-4E86-BC1A-74D06CDE354C}.Debug|Any CPU.ActiveCfg = Debug|Any CPU
		{5C1D0C53-B2D3-4E86-BC1A-74D06CDE354C}.Debug|Any CPU.Build.0 = Debug|Any CPU
		{5C1D0C53-B2D3-4E86-BC1A-74D06CDE354C}.Release|Any CPU.ActiveCfg = Release|Any CPU
		{5C1D0C53-B2D3-4E86-BC1A-74D06CDE354C}.Release|Any CPU.Build.0 = Release|Any CPU
		{5BDB8B07-6F61-4525-97F8-D5605C5F81FB}.Debug|Any CPU.ActiveCfg = Debug|Any CPU
		{5BDB8B07-6F61-4525-97F8-D5605C5F81FB}.Debug|Any CPU.Build.0 = Debug|Any CPU
		{5BDB8B07-6F61-4525-97F8-D5605C5F81FB}.Release|Any CPU.ActiveCfg = Release|Any CPU
		{5BDB8B07-6F61-4525-97F8-D5605C5F81FB}.Release|Any CPU.Build.0 = Release|Any CPU
		{3480E930-A452-448D-AD7B-9C9B506DFFAE}.Debug|Any CPU.ActiveCfg = Debug|Any CPU
		{3480E930-A452-448D-AD7B-9C9B506DFFAE}.Debug|Any CPU.Build.0 = Debug|Any CPU
		{3480E930-A452-448D-AD7B-9C9B506DFFAE}.Release|Any CPU.ActiveCfg = Release|Any CPU
		{3480E930-A452-448D-AD7B-9C9B506DFFAE}.Release|Any CPU.Build.0 = Release|Any CPU
		{09696234-D778-4168-A260-F1784DFA4E20}.Debug|Any CPU.ActiveCfg = Debug|Any CPU
		{09696234-D778-4168-A260-F1784DFA4E20}.Debug|Any CPU.Build.0 = Debug|Any CPU
		{09696234-D778-4168-A260-F1784DFA4E20}.Release|Any CPU.ActiveCfg = Release|Any CPU
		{09696234-D778-4168-A260-F1784DFA4E20}.Release|Any CPU.Build.0 = Release|Any CPU
		{A26D3F1C-E8FA-4BAC-A5D7-E0A47E879B55}.Debug|Any CPU.ActiveCfg = Debug|Any CPU
		{A26D3F1C-E8FA-4BAC-A5D7-E0A47E879B55}.Debug|Any CPU.Build.0 = Debug|Any CPU
		{A26D3F1C-E8FA-4BAC-A5D7-E0A47E879B55}.Release|Any CPU.ActiveCfg = Release|Any CPU
		{A26D3F1C-E8FA-4BAC-A5D7-E0A47E879B55}.Release|Any CPU.Build.0 = Release|Any CPU
	EndGlobalSection
	GlobalSection(SolutionProperties) = preSolution
		HideSolutionNode = FALSE
	EndGlobalSection
	GlobalSection(ExtensibilityGlobals) = postSolution
		SolutionGuid = {9F31A5AB-FB2E-4635-9710-C192E88FE8AD}
	EndGlobalSection
EndGlobal
